
Microsoft Visual Studio Solution File, Format Version 12.00
# Visual Studio 15
VisualStudioVersion = 15.0.27130.2036
MinimumVisualStudioVersion = 10.0.40219.1
Project("{9A19103F-16F7-4668-BE54-9A1E7A4F7556}") = "Eji.SwimTrack.Data.Tests", "Eji.SwimTrack.Data.Tests\Eji.SwimTrack.Data.Tests.csproj", "{A1D4D1ED-4CB2-4793-B12F-2FA7D58FE273}"
EndProject
Project("{9A19103F-16F7-4668-BE54-9A1E7A4F7556}") = "Eji.SwimTrack.DAL", "Eji.SwimTrack.DAL\Eji.SwimTrack.DAL.csproj", "{87D5BF95-C124-447F-9A74-92E67363D6A9}"
EndProject
Project("{9A19103F-16F7-4668-BE54-9A1E7A4F7556}") = "Eji.SwimTrack.Models", "Eji.SwimTrack.Models\Eji.SwimTrack.Models.csproj", "{DB9299D8-341C-4640-A3C4-E8241C789EE8}"
EndProject
Project("{9A19103F-16F7-4668-BE54-9A1E7A4F7556}") = "Eji.SwimTrack.Service", "Eji.SwimTrack.Service\Eji.SwimTrack.Service.csproj", "{56C5F385-1B42-499D-A084-5A30F9899333}"
EndProject
Project("{9A19103F-16F7-4668-BE54-9A1E7A4F7556}") = "Eji.SwimTrack.Service.Tests", "Eji.SwimTrack.Service.Tests\Eji.SwimTrack.Service.Tests.csproj", "{5A91A828-A643-4A94-B1B2-99B2DDAC57B2}"
EndProject
Project("{9A19103F-16F7-4668-BE54-9A1E7A4F7556}") = "Eji.SwimTrack.Service.Models", "Eji.SwimTrack.Service.Models\Eji.SwimTrack.Service.Models.csproj", "{12C088DC-DEA6-4EED-81CD-5D02A84F68D4}"
EndProject
Project("{FAE04EC0-301F-11D3-BF4B-00C04F79EFBC}") = "Eji.SwimTrack.Web", "Eji.SwimTrack.Web\Eji.SwimTrack.Web.csproj", "{B28FDFB7-EB67-481E-B180-301B025282E1}"
EndProject
Project("{FAE04EC0-301F-11D3-BF4B-00C04F79EFBC}") = "Eji.SwimTrack.Web.Tests", "Eji.SwimTrack.Web.Tests\Eji.SwimTrack.Web.Tests.csproj", "{33BB468A-C97A-41E4-A79D-2DF502AC4E75}"
EndProject
Global
	GlobalSection(SolutionConfigurationPlatforms) = preSolution
		Debug|Any CPU = Debug|Any CPU
		Release|Any CPU = Release|Any CPU
	EndGlobalSection
	GlobalSection(ProjectConfigurationPlatforms) = postSolution
		{A1D4D1ED-4CB2-4793-B12F-2FA7D58FE273}.Debug|Any CPU.ActiveCfg = Debug|Any CPU
		{A1D4D1ED-4CB2-4793-B12F-2FA7D58FE273}.Debug|Any CPU.Build.0 = Debug|Any CPU
		{A1D4D1ED-4CB2-4793-B12F-2FA7D58FE273}.Release|Any CPU.ActiveCfg = Release|Any CPU
		{A1D4D1ED-4CB2-4793-B12F-2FA7D58FE273}.Release|Any CPU.Build.0 = Release|Any CPU
		{87D5BF95-C124-447F-9A74-92E67363D6A9}.Debug|Any CPU.ActiveCfg = Debug|Any CPU
		{87D5BF95-C124-447F-9A74-92E67363D6A9}.Debug|Any CPU.Build.0 = Debug|Any CPU
		{87D5BF95-C124-447F-9A74-92E67363D6A9}.Release|Any CPU.ActiveCfg = Release|Any CPU
		{87D5BF95-C124-447F-9A74-92E67363D6A9}.Release|Any CPU.Build.0 = Release|Any CPU
		{DB9299D8-341C-4640-A3C4-E8241C789EE8}.Debug|Any CPU.ActiveCfg = Debug|Any CPU
		{DB9299D8-341C-4640-A3C4-E8241C789EE8}.Debug|Any CPU.Build.0 = Debug|Any CPU
		{DB9299D8-341C-4640-A3C4-E8241C789EE8}.Release|Any CPU.ActiveCfg = Release|Any CPU
		{DB9299D8-341C-4640-A3C4-E8241C789EE8}.Release|Any CPU.Build.0 = Release|Any CPU
		{56C5F385-1B42-499D-A084-5A30F9899333}.Debug|Any CPU.ActiveCfg = Debug|Any CPU
		{56C5F385-1B42-499D-A084-5A30F9899333}.Debug|Any CPU.Build.0 = Debug|Any CPU
		{56C5F385-1B42-499D-A084-5A30F9899333}.Release|Any CPU.ActiveCfg = Release|Any CPU
		{56C5F385-1B42-499D-A084-5A30F9899333}.Release|Any CPU.Build.0 = Release|Any CPU
		{5A91A828-A643-4A94-B1B2-99B2DDAC57B2}.Debug|Any CPU.ActiveCfg = Debug|Any CPU
		{5A91A828-A643-4A94-B1B2-99B2DDAC57B2}.Debug|Any CPU.Build.0 = Debug|Any CPU
		{5A91A828-A643-4A94-B1B2-99B2DDAC57B2}.Release|Any CPU.ActiveCfg = Release|Any CPU
		{5A91A828-A643-4A94-B1B2-99B2DDAC57B2}.Release|Any CPU.Build.0 = Release|Any CPU
		{12C088DC-DEA6-4EED-81CD-5D02A84F68D4}.Debug|Any CPU.ActiveCfg = Debug|Any CPU
		{12C088DC-DEA6-4EED-81CD-5D02A84F68D4}.Debug|Any CPU.Build.0 = Debug|Any CPU
		{12C088DC-DEA6-4EED-81CD-5D02A84F68D4}.Release|Any CPU.ActiveCfg = Release|Any CPU
		{12C088DC-DEA6-4EED-81CD-5D02A84F68D4}.Release|Any CPU.Build.0 = Release|Any CPU
		{B28FDFB7-EB67-481E-B180-301B025282E1}.Debug|Any CPU.ActiveCfg = Debug|Any CPU
		{B28FDFB7-EB67-481E-B180-301B025282E1}.Debug|Any CPU.Build.0 = Debug|Any CPU
		{B28FDFB7-EB67-481E-B180-301B025282E1}.Release|Any CPU.ActiveCfg = Release|Any CPU
		{B28FDFB7-EB67-481E-B180-301B025282E1}.Release|Any CPU.Build.0 = Release|Any CPU
		{33BB468A-C97A-41E4-A79D-2DF502AC4E75}.Debug|Any CPU.ActiveCfg = Debug|Any CPU
		{33BB468A-C97A-41E4-A79D-2DF502AC4E75}.Debug|Any CPU.Build.0 = Debug|Any CPU
		{33BB468A-C97A-41E4-A79D-2DF502AC4E75}.Release|Any CPU.ActiveCfg = Release|Any CPU
		{33BB468A-C97A-41E4-A79D-2DF502AC4E75}.Release|Any CPU.Build.0 = Release|Any CPU
	EndGlobalSection
	GlobalSection(SolutionProperties) = preSolution
		HideSolutionNode = FALSE
	EndGlobalSection
	GlobalSection(ExtensibilityGlobals) = postSolution
		SolutionGuid = {37B3AF05-5809-4F2D-B8B1-E2F3CC4CC32A}
	EndGlobalSection
EndGlobal
